<?xml version="1.0" encoding="utf-8"?>
<Project ToolsVersion="4.0" xmlns="http://schemas.microsoft.com/developer/msbuild/2003">
  <ItemGroup>
    <ClCompile Include="DObject.cpp">
      <Filter>Engine\Source\Private\Object</Filter>
    </ClCompile>
    <ClCompile Include="DObjectManager.cpp">
      <Filter>Engine\Source\Private\Object</Filter>
    </ClCompile>
    <ClCompile Include="DCollisionData.cpp">
      <Filter>Engine\Source\Private\Physics</Filter>
    </ClCompile>
    <ClCompile Include="DCollision.cpp">
      <Filter>Engine\Source\Private\Physics</Filter>
    </ClCompile>
    <ClCompile Include="DEngine.cpp">
      <Filter>Engine\Source\Private\System</Filter>
    </ClCompile>
    <ClCompile Include="DMathTypes.cpp">
      <Filter>Engine\Source\Private\Math</Filter>
    </ClCompile>
    <ClCompile Include="DMathHelper.cpp">
      <Filter>Engine\Source\Private\Math</Filter>
    </ClCompile>
    <ClCompile Include="DOSprite.cpp">
      <Filter>Engine\Source\Private\Rendering</Filter>
    </ClCompile>
    <ClCompile Include="DOCamera.cpp">
      <Filter>Engine\Source\Private\Rendering</Filter>
    </ClCompile>
    <ClCompile Include="DInput.cpp">
      <Filter>Engine\Source\Private\Input</Filter>
    </ClCompile>
    <ClCompile Include="DGravity.cpp">
      <Filter>Engine\Source\Private\Physics</Filter>
    </ClCompile>
    <ClCompile Include="DPhysicsManager.cpp">
      <Filter>Engine\Source\Private\Physics</Filter>
    </ClCompile>
    <ClCompile Include="DRenderer.cpp">
      <Filter>Engine\Source\Private\Rendering</Filter>
    </ClCompile>
    <ClCompile Include="Main.cpp">
      <Filter>Engine\Source</Filter>
    </ClCompile>
    <ClCompile Include="DWorld.cpp">
      <Filter>Engine\Source\Private\System</Filter>
    </ClCompile>
    <ClCompile Include="DSubSystem.cpp">
      <Filter>Engine\Source\Private\System</Filter>
    </ClCompile>
  </ItemGroup>
  <ItemGroup>
    <ClInclude Include="DObject.h">
      <Filter>Engine\Source\Public\Object</Filter>
    </ClInclude>
    <ClInclude Include="DObjectManager.h">
      <Filter>Engine\Source\Public\Object</Filter>
    </ClInclude>
    <ClInclude Include="DArray.hpp">
      <Filter>Engine\Source\Public\DataType</Filter>
    </ClInclude>
    <ClInclude Include="DAutoPointer.hpp">
      <Filter>Engine\Source\Public\DataType</Filter>
    </ClInclude>
    <ClInclude Include="DCollisionData.h">
      <Filter>Engine\Source\Public\Physics</Filter>
    </ClInclude>
    <ClInclude Include="DCollision.h">
      <Filter>Engine\Source\Public\Physics</Filter>
    </ClInclude>
    <ClInclude Include="DEngine.h">
      <Filter>Engine\Source\Public\System</Filter>
    </ClInclude>
    <ClInclude Include="DMathTypes.h">
      <Filter>Engine\Source\Public\Math</Filter>
    </ClInclude>
    <ClInclude Include="DMathHelper.h">
      <Filter>Engine\Source\Public\Math</Filter>
    </ClInclude>
    <ClInclude Include="DORender.h">
      <Filter>Engine\Source\Public\Rendering</Filter>
    </ClInclude>
    <ClInclude Include="DOCamera.h">
      <Filter>Engine\Source\Public\Rendering</Filter>
    </ClInclude>
    <ClInclude Include="DList.hpp">
      <Filter>Engine\Source\Public\DataType</Filter>
    </ClInclude>
    <ClInclude Include="DOSprite.h">
      <Filter>Engine\Source\Public\Rendering</Filter>
    </ClInclude>
    <ClInclude Include="DPhysicsManager.h">
      <Filter>Engine\Source\Public\Physics</Filter>
    </ClInclude>
    <ClInclude Include="DGravity.h">
      <Filter>Engine\Source\Public\Physics</Filter>
    </ClInclude>
    <ClInclude Include="DRenderer.h">
      <Filter>Engine\Source\Public\Rendering</Filter>
    </ClInclude>
    <ClInclude Include="DInput.h">
      <Filter>Engine\Source\Public\Input</Filter>
    </ClInclude>
    <ClInclude Include="EDkeyCodeEnum.h">
      <Filter>Engine\Source\Public\Input</Filter>
    </ClInclude>
    <ClInclude Include="DSubSystem.h">
      <Filter>Engine\Source\Public\System</Filter>
    </ClInclude>
    <ClInclude Include="DWorld.h">
      <Filter>Engine\Source\Public\System</Filter>
    </ClInclude>
    <ClInclude Include="DSingleton.hpp">
      <Filter>Engine\Source\Public\DataType</Filter>
    </ClInclude>
  </ItemGroup>
  <ItemGroup>
    <Filter Include="Engine">
      <UniqueIdentifier>{0f6fa572-85dd-4e8a-8af6-c2c6c0b9e3e5}</UniqueIdentifier>
    </Filter>
    <Filter Include="Engine\Source">
      <UniqueIdentifier>{8d92c208-1f75-4207-b104-65a9edc232b4}</UniqueIdentifier>
    </Filter>
    <Filter Include="Engine\Source\Private">
      <UniqueIdentifier>{c3e10074-e6e8-4aaf-9288-0ea6461ee026}</UniqueIdentifier>
    </Filter>
    <Filter Include="Engine\Source\Public">
      <UniqueIdentifier>{8aecf0c7-0748-465b-aa7a-c6c519aa05dc}</UniqueIdentifier>
    </Filter>
    <Filter Include="Engine\Source\Public\Object">
      <UniqueIdentifier>{c70fdad4-9807-45c8-b213-c98eff483e7d}</UniqueIdentifier>
    </Filter>
    <Filter Include="Engine\Source\Private\Object">
      <UniqueIdentifier>{0992c0e8-e0ab-493a-a670-d8846fd00daf}</UniqueIdentifier>
    </Filter>
    <Filter Include="Engine\Source\Public\Physics">
      <UniqueIdentifier>{1171df41-a761-4c28-bc02-275aee3a2a1a}</UniqueIdentifier>
    </Filter>
    <Filter Include="Engine\Source\Private\Physics">
      <UniqueIdentifier>{17a3eb6b-9723-48dd-8eb7-bd1fa5050075}</UniqueIdentifier>
    </Filter>
    <Filter Include="Engine\Source\Public\DataType">
      <UniqueIdentifier>{a9080d43-cbc6-4255-9398-7705e23efe03}</UniqueIdentifier>
    </Filter>
    <Filter Include="Engine\Source\Private\DataType">
      <UniqueIdentifier>{c4bdcb12-b06c-4d27-82f0-ee7ec46b8b0f}</UniqueIdentifier>
    </Filter>
    <Filter Include="Engine\Source\Public\Rendering">
      <UniqueIdentifier>{aa7b69ce-4aee-4cdc-b34f-8eaef82ffde0}</UniqueIdentifier>
    </Filter>
    <Filter Include="Engine\Source\Private\Rendering">
      <UniqueIdentifier>{a937172a-c238-4db6-bf89-e4097eadb500}</UniqueIdentifier>
    </Filter>
    <Filter Include="Engine\Source\Public\Math">
      <UniqueIdentifier>{a5fe6a24-8b19-4a6a-8ef7-792fe7935e65}</UniqueIdentifier>
    </Filter>
    <Filter Include="Engine\Source\Private\Math">
      <UniqueIdentifier>{1bd0753c-e12c-4a5a-b899-00edd865d2f7}</UniqueIdentifier>
    </Filter>
    <Filter Include="Engine\Source\Public\Input">
      <UniqueIdentifier>{88681b14-f2f7-45ee-bb90-869806dd2132}</UniqueIdentifier>
    </Filter>
    <Filter Include="Engine\Source\Private\Input">
      <UniqueIdentifier>{2bcfb012-9cad-432f-b5d0-4708afb0e448}</UniqueIdentifier>
    </Filter>
    <Filter Include="Engine\Source\Public\System">
      <UniqueIdentifier>{5ca3673e-9ec4-4750-9ad9-440f83dbe085}</UniqueIdentifier>
    </Filter>
    <Filter Include="Engine\Source\Private\System">
      <UniqueIdentifier>{d5793a29-f92c-415b-805b-618a8f13c363}</UniqueIdentifier>
    </Filter>
  </ItemGroup>
</Project>