<?xml version="1.0" encoding="utf-8"?>
<Project ToolsVersion="4.0" xmlns="http://schemas.microsoft.com/developer/msbuild/2003">
  <ItemGroup>
    <Filter Include="DEngine">
      <UniqueIdentifier>{840f0d8d-5e24-486d-b128-c07472618ae0}</UniqueIdentifier>
    </Filter>
    <Filter Include="DEngine\Source">
      <UniqueIdentifier>{25fedfda-0a6d-47d3-a0a9-0c3eef3f2f5f}</UniqueIdentifier>
    </Filter>
    <Filter Include="DEngine\Source\Private">
      <UniqueIdentifier>{ac3dad94-978a-4bc2-b992-0801673bc169}</UniqueIdentifier>
    </Filter>
    <Filter Include="DEngine\Source\Public">
      <UniqueIdentifier>{22a1fe79-6c1e-408b-ab41-f1a685305143}</UniqueIdentifier>
    </Filter>
    <Filter Include="DEngine\Source\Private\Engine">
      <UniqueIdentifier>{136c3b52-6f92-4541-9d69-af5351dbbce7}</UniqueIdentifier>
    </Filter>
    <Filter Include="DEngine\Source\Public\Engine">
      <UniqueIdentifier>{72c5dee6-463d-4b3f-913f-0643146ab61e}</UniqueIdentifier>
    </Filter>
    <Filter Include="DEngine\Source\Public\Object">
      <UniqueIdentifier>{7b23594b-397d-4ea7-9924-0807af87dd02}</UniqueIdentifier>
    </Filter>
    <Filter Include="DEngine\Source\Private\Object">
      <UniqueIdentifier>{71a6b726-a414-4f24-bfce-6f91e7be6503}</UniqueIdentifier>
    </Filter>
    <Filter Include="DEngine\Source\Private\Math">
      <UniqueIdentifier>{8b39e2bf-4749-4e11-8754-124e1dd75574}</UniqueIdentifier>
    </Filter>
    <Filter Include="DEngine\Source\Public\Math">
      <UniqueIdentifier>{e87e99b6-d1a9-493a-aa23-5b0bda433d28}</UniqueIdentifier>
    </Filter>
    <Filter Include="DEngine\Source\Private\Graphics">
      <UniqueIdentifier>{7e473a79-a3fa-4b2c-afbc-c468047853e9}</UniqueIdentifier>
    </Filter>
    <Filter Include="DEngine\Source\Public\Graphics">
      <UniqueIdentifier>{a5d1d827-8c7c-4952-9cfe-b2f3796e845c}</UniqueIdentifier>
    </Filter>
    <Filter Include="SampleProject">
      <UniqueIdentifier>{b0cb964e-689b-4dd7-95ee-acd5af66e9f8}</UniqueIdentifier>
    </Filter>
    <Filter Include="DEngine\Source\Public\Data">
      <UniqueIdentifier>{683451c8-03bb-4881-8422-ed234c69c86a}</UniqueIdentifier>
    </Filter>
    <Filter Include="DEngine\Source\Public\DesignPattern">
      <UniqueIdentifier>{16cc1e7d-fe69-422c-855c-e92039055611}</UniqueIdentifier>
    </Filter>
  </ItemGroup>
  <ItemGroup>
    <ClCompile Include="Main.cpp">
      <Filter>DEngine\Source\Public</Filter>
    </ClCompile>
    <ClCompile Include="DEngine.cpp">
      <Filter>DEngine\Source\Private\Engine</Filter>
    </ClCompile>
    <ClCompile Include="DObject.cpp">
      <Filter>DEngine\Source\Private\Object</Filter>
    </ClCompile>
    <ClCompile Include="DObjectManager.cpp">
      <Filter>DEngine\Source\Private\Object</Filter>
    </ClCompile>
    <ClCompile Include="DMathTypes.cpp">
      <Filter>DEngine\Source\Private\Math</Filter>
    </ClCompile>
    <ClCompile Include="DORender.cpp">
      <Filter>DEngine\Source\Private\Graphics</Filter>
    </ClCompile>
    <ClCompile Include="DRenderer.cpp">
      <Filter>DEngine\Source\Private\Graphics</Filter>
    </ClCompile>
  </ItemGroup>
  <ItemGroup>
    <ClInclude Include="DEngine.h">
      <Filter>DEngine\Source\Public\Engine</Filter>
    </ClInclude>
    <ClInclude Include="DObject.h">
      <Filter>DEngine\Source\Public\Object</Filter>
    </ClInclude>
    <ClInclude Include="DObjectManager.h">
      <Filter>DEngine\Source\Public\Object</Filter>
    </ClInclude>
    <ClInclude Include="DMathTypes.h">
      <Filter>DEngine\Source\Public\Math</Filter>
    </ClInclude>
    <ClInclude Include="DORender.h">
      <Filter>DEngine\Source\Public\Graphics</Filter>
    </ClInclude>
    <ClInclude Include="DRenderer.h">
      <Filter>DEngine\Source\Public\Graphics</Filter>
    </ClInclude>
    <ClInclude Include="DArray.hpp">
      <Filter>DEngine\Source\Public\Data</Filter>
    </ClInclude>
    <ClInclude Include="DList.hpp">
      <Filter>DEngine\Source\Public\Data</Filter>
    </ClInclude>
    <ClInclude Include="DSingleton.hpp">
      <Filter>DEngine\Source\Public\DesignPattern</Filter>
    </ClInclude>
  </ItemGroup>
</Project>