<?xml version="1.0" encoding="utf-8"?>
<Project ToolsVersion="4.0" xmlns="http://schemas.microsoft.com/developer/msbuild/2003">
  <ItemGroup>
    <Filter Include="DEngine">
      <UniqueIdentifier>{840f0d8d-5e24-486d-b128-c07472618ae0}</UniqueIdentifier>
    </Filter>
    <Filter Include="SampleProject">
      <UniqueIdentifier>{b0cb964e-689b-4dd7-95ee-acd5af66e9f8}</UniqueIdentifier>
    </Filter>
    <Filter Include="DEngine\Source">
      <UniqueIdentifier>{25fedfda-0a6d-47d3-a0a9-0c3eef3f2f5f}</UniqueIdentifier>
    </Filter>
    <Filter Include="DEngine\Source\Public">
      <UniqueIdentifier>{22a1fe79-6c1e-408b-ab41-f1a685305143}</UniqueIdentifier>
    </Filter>
    <Filter Include="DEngine\Source\Private">
      <UniqueIdentifier>{ac3dad94-978a-4bc2-b992-0801673bc169}</UniqueIdentifier>
    </Filter>
  </ItemGroup>
</Project>